
Microsoft Visual Studio Solution File, Format Version 11.00
# Visual Studio 2010
Project("{8BC9CEB8-8B4A-11D0-8D11-00A0C91BC942}") = "Cash Register", "Cash Register\Cash Register.vcxproj", "{95533401-1527-49D3-9C41-7A91CC011B39}"
EndProject
Global
	GlobalSection(SolutionConfigurationPlatforms) = preSolution
		Debug|Win32 = Debug|Win32
		Release|Win32 = Release|Win32
	EndGlobalSection
	GlobalSection(ProjectConfigurationPlatforms) = postSolution
		{95533401-1527-49D3-9C41-7A91CC011B39}.Debug|Win32.ActiveCfg = Debug|Win32
		{95533401-1527-49D3-9C41-7A91CC011B39}.Debug|Win32.Build.0 = Debug|Win32
		{95533401-1527-49D3-9C41-7A91CC011B39}.Release|Win32.ActiveCfg = Release|Win32
		{95533401-1527-49D3-9C41-7A91CC011B39}.Release|Win32.Build.0 = Release|Win32
	EndGlobalSection
	GlobalSection(SolutionProperties) = preSolution
		HideSolutionNode = FALSE
	EndGlobalSection
EndGlobal
