
Microsoft Visual Studio Solution File, Format Version 12.00
# Visual Studio 2012
Project("{8BC9CEB8-8B4A-11D0-8D11-00A0C91BC942}") = "Min Maxing", "Min Maxing\Min Maxing.vcxproj", "{8F6C3999-F4B8-4853-BFC5-0CF5C3BF0912}"
EndProject
Global
	GlobalSection(SolutionConfigurationPlatforms) = preSolution
		Debug|Win32 = Debug|Win32
		Release|Win32 = Release|Win32
	EndGlobalSection
	GlobalSection(ProjectConfigurationPlatforms) = postSolution
		{8F6C3999-F4B8-4853-BFC5-0CF5C3BF0912}.Debug|Win32.ActiveCfg = Debug|Win32
		{8F6C3999-F4B8-4853-BFC5-0CF5C3BF0912}.Debug|Win32.Build.0 = Debug|Win32
		{8F6C3999-F4B8-4853-BFC5-0CF5C3BF0912}.Release|Win32.ActiveCfg = Release|Win32
		{8F6C3999-F4B8-4853-BFC5-0CF5C3BF0912}.Release|Win32.Build.0 = Release|Win32
	EndGlobalSection
	GlobalSection(SolutionProperties) = preSolution
		HideSolutionNode = FALSE
	EndGlobalSection
EndGlobal
